// !$*UTF8*$!
{
	archiveVersion = 1;
	classes = {
	};
	objectVersion = 50;
	objects = {

/* Begin PBXBuildFile section */
		9C5ADDCD22745EAB007BAA1B /* CartViewController.swift in Sources */ = {isa = PBXBuildFile; fileRef = 9C5ADDCC22745EAB007BAA1B /* CartViewController.swift */; };
		9C5ADDCF22746637007BAA1B /* Credentials.swift in Sources */ = {isa = PBXBuildFile; fileRef = 9C5ADDCE22746637007BAA1B /* Credentials.swift */; };
		9C8626D82274532200A5A4C1 /* AppDelegate.swift in Sources */ = {isa = PBXBuildFile; fileRef = 9C8626D72274532200A5A4C1 /* AppDelegate.swift */; };
		9C8626DA2274532200A5A4C1 /* ViewController.swift in Sources */ = {isa = PBXBuildFile; fileRef = 9C8626D92274532200A5A4C1 /* ViewController.swift */; };
		9C8626DD2274532200A5A4C1 /* Main.storyboard in Resources */ = {isa = PBXBuildFile; fileRef = 9C8626DB2274532200A5A4C1 /* Main.storyboard */; };
		9C8626E02274532200A5A4C1 /* naveenTest.xcdatamodeld in Sources */ = {isa = PBXBuildFile; fileRef = 9C8626DE2274532200A5A4C1 /* naveenTest.xcdatamodeld */; };
		9C8626E22274532300A5A4C1 /* Assets.xcassets in Resources */ = {isa = PBXBuildFile; fileRef = 9C8626E12274532300A5A4C1 /* Assets.xcassets */; };
		9C8626E52274532300A5A4C1 /* LaunchScreen.storyboard in Resources */ = {isa = PBXBuildFile; fileRef = 9C8626E32274532300A5A4C1 /* LaunchScreen.storyboard */; };
		9E1FE83E2CDC29455CE63463 /* Pods_naveenTest.framework in Frameworks */ = {isa = PBXBuildFile; fileRef = E58BBE7B68BC0B2CE03CC566 /* Pods_naveenTest.framework */; };
/* End PBXBuildFile section */

/* Begin PBXFileReference section */
		9C5ADDCC22745EAB007BAA1B /* CartViewController.swift */ = {isa = PBXFileReference; lastKnownFileType = sourcecode.swift; path = CartViewController.swift; sourceTree = "<group>"; };
		9C5ADDCE22746637007BAA1B /* Credentials.swift */ = {isa = PBXFileReference; lastKnownFileType = sourcecode.swift; path = Credentials.swift; sourceTree = "<group>"; };
		9C8626D42274532200A5A4C1 /* naveenTest.app */ = {isa = PBXFileReference; explicitFileType = wrapper.application; includeInIndex = 0; path = naveenTest.app; sourceTree = BUILT_PRODUCTS_DIR; };
		9C8626D72274532200A5A4C1 /* AppDelegate.swift */ = {isa = PBXFileReference; lastKnownFileType = sourcecode.swift; path = AppDelegate.swift; sourceTree = "<group>"; };
		9C8626D92274532200A5A4C1 /* ViewController.swift */ = {isa = PBXFileReference; lastKnownFileType = sourcecode.swift; path = ViewController.swift; sourceTree = "<group>"; };
		9C8626DC2274532200A5A4C1 /* Base */ = {isa = PBXFileReference; lastKnownFileType = file.storyboard; name = Base; path = Base.lproj/Main.storyboard; sourceTree = "<group>"; };
		9C8626DF2274532200A5A4C1 /* naveenTest.xcdatamodel */ = {isa = PBXFileReference; lastKnownFileType = wrapper.xcdatamodel; path = naveenTest.xcdatamodel; sourceTree = "<group>"; };
		9C8626E12274532300A5A4C1 /* Assets.xcassets */ = {isa = PBXFileReference; lastKnownFileType = folder.assetcatalog; path = Assets.xcassets; sourceTree = "<group>"; };
		9C8626E42274532300A5A4C1 /* Base */ = {isa = PBXFileReference; lastKnownFileType = file.storyboard; name = Base; path = Base.lproj/LaunchScreen.storyboard; sourceTree = "<group>"; };
		9C8626E62274532300A5A4C1 /* Info.plist */ = {isa = PBXFileReference; lastKnownFileType = text.plist.xml; path = Info.plist; sourceTree = "<group>"; };
		B7812EBF03BBA9B93478B5AD /* Pods-naveenTest.release.xcconfig */ = {isa = PBXFileReference; includeInIndex = 1; lastKnownFileType = text.xcconfig; name = "Pods-naveenTest.release.xcconfig"; path = "Pods/Target Support Files/Pods-naveenTest/Pods-naveenTest.release.xcconfig"; sourceTree = "<group>"; };
		E58BBE7B68BC0B2CE03CC566 /* Pods_naveenTest.framework */ = {isa = PBXFileReference; explicitFileType = wrapper.framework; includeInIndex = 0; path = Pods_naveenTest.framework; sourceTree = BUILT_PRODUCTS_DIR; };
		E5BAFD1975E9A3DA88E31CE0 /* Pods-naveenTest.debug.xcconfig */ = {isa = PBXFileReference; includeInIndex = 1; lastKnownFileType = text.xcconfig; name = "Pods-naveenTest.debug.xcconfig"; path = "Pods/Target Support Files/Pods-naveenTest/Pods-naveenTest.debug.xcconfig"; sourceTree = "<group>"; };
/* End PBXFileReference section */

/* Begin PBXFrameworksBuildPhase section */
		9C8626D12274532200A5A4C1 /* Frameworks */ = {
			isa = PBXFrameworksBuildPhase;
			buildActionMask = 2147483647;
			files = (
				9E1FE83E2CDC29455CE63463 /* Pods_naveenTest.framework in Frameworks */,
			);
			runOnlyForDeploymentPostprocessing = 0;
		};
/* End PBXFrameworksBuildPhase section */

/* Begin PBXGroup section */
		767194180178570F6F0E8E4B /* Frameworks */ = {
			isa = PBXGroup;
			children = (
				E58BBE7B68BC0B2CE03CC566 /* Pods_naveenTest.framework */,
			);
			name = Frameworks;
			sourceTree = "<group>";
		};
		79D5BD26012B3EC6D5890CCA /* Pods */ = {
			isa = PBXGroup;
			children = (
				E5BAFD1975E9A3DA88E31CE0 /* Pods-naveenTest.debug.xcconfig */,
				B7812EBF03BBA9B93478B5AD /* Pods-naveenTest.release.xcconfig */,
			);
			name = Pods;
			sourceTree = "<group>";
		};
		9C8626CB2274532200A5A4C1 = {
			isa = PBXGroup;
			children = (
				9C8626D62274532200A5A4C1 /* naveenTest */,
				9C8626D52274532200A5A4C1 /* Products */,
				79D5BD26012B3EC6D5890CCA /* Pods */,
				767194180178570F6F0E8E4B /* Frameworks */,
			);
			sourceTree = "<group>";
		};
		9C8626D52274532200A5A4C1 /* Products */ = {
			isa = PBXGroup;
			children = (
				9C8626D42274532200A5A4C1 /* naveenTest.app */,
			);
			name = Products;
			sourceTree = "<group>";
		};
		9C8626D62274532200A5A4C1 /* naveenTest */ = {
			isa = PBXGroup;
			children = (
				9C5ADDCE22746637007BAA1B /* Credentials.swift */,
				9C8626D72274532200A5A4C1 /* AppDelegate.swift */,
				9C8626D92274532200A5A4C1 /* ViewController.swift */,
				9C5ADDCC22745EAB007BAA1B /* CartViewController.swift */,
				9C8626DB2274532200A5A4C1 /* Main.storyboard */,
				9C8626E12274532300A5A4C1 /* Assets.xcassets */,
				9C8626E32274532300A5A4C1 /* LaunchScreen.storyboard */,
				9C8626E62274532300A5A4C1 /* Info.plist */,
				9C8626DE2274532200A5A4C1 /* naveenTest.xcdatamodeld */,
			);
			path = naveenTest;
			sourceTree = "<group>";
		};
/* End PBXGroup section */

/* Begin PBXNativeTarget section */
		9C8626D32274532200A5A4C1 /* naveenTest */ = {
			isa = PBXNativeTarget;
			buildConfigurationList = 9C8626E92274532300A5A4C1 /* Build configuration list for PBXNativeTarget "naveenTest" */;
			buildPhases = (
				D6014C9309B59C5DE1E76608 /* [CP] Check Pods Manifest.lock */,
				9C8626D02274532200A5A4C1 /* Sources */,
				9C8626D12274532200A5A4C1 /* Frameworks */,
				9C8626D22274532200A5A4C1 /* Resources */,
				890261EE8826C4967B03A8A5 /* [CP] Embed Pods Frameworks */,
			);
			buildRules = (
			);
			dependencies = (
			);
			name = naveenTest;
			productName = naveenTest;
			productReference = 9C8626D42274532200A5A4C1 /* naveenTest.app */;
			productType = "com.apple.product-type.application";
		};
/* End PBXNativeTarget section */

/* Begin PBXProject section */
		9C8626CC2274532200A5A4C1 /* Project object */ = {
			isa = PBXProject;
			attributes = {
				LastSwiftUpdateCheck = 1010;
				LastUpgradeCheck = 1010;
				ORGANIZATIONNAME = "Naveen Chandra";
				TargetAttributes = {
					9C8626D32274532200A5A4C1 = {
						CreatedOnToolsVersion = 10.1;
					};
				};
			};
			buildConfigurationList = 9C8626CF2274532200A5A4C1 /* Build configuration list for PBXProject "naveenTest" */;
			compatibilityVersion = "Xcode 9.3";
			developmentRegion = en;
			hasScannedForEncodings = 0;
			knownRegions = (
				en,
				Base,
			);
			mainGroup = 9C8626CB2274532200A5A4C1;
			productRefGroup = 9C8626D52274532200A5A4C1 /* Products */;
			projectDirPath = "";
			projectRoot = "";
			targets = (
				9C8626D32274532200A5A4C1 /* naveenTest */,
			);
		};
/* End PBXProject section */

/* Begin PBXResourcesBuildPhase section */
		9C8626D22274532200A5A4C1 /* Resources */ = {
			isa = PBXResourcesBuildPhase;
			buildActionMask = 2147483647;
			files = (
				9C8626E52274532300A5A4C1 /* LaunchScreen.storyboard in Resources */,
				9C8626E22274532300A5A4C1 /* Assets.xcassets in Resources */,
				9C8626DD2274532200A5A4C1 /* Main.storyboard in Resources */,
			);
			runOnlyForDeploymentPostprocessing = 0;
		};
/* End PBXResourcesBuildPhase section */

/* Begin PBXShellScriptBuildPhase section */
		890261EE8826C4967B03A8A5 /* [CP] Embed Pods Frameworks */ = {
			isa = PBXShellScriptBuildPhase;
			buildActionMask = 2147483647;
			files = (
			);
			inputFileListPaths = (
			);
			inputPaths = (
				"${SRCROOT}/Pods/Target Support Files/Pods-naveenTest/Pods-naveenTest-frameworks.sh",
				"${BUILT_PRODUCTS_DIR}/Cartography/Cartography.framework",
				"${BUILT_PRODUCTS_DIR}/Moltin/moltin.framework",
				"${BUILT_PRODUCTS_DIR}/PKHUD/PKHUD.framework",
				"${BUILT_PRODUCTS_DIR}/SDWebImage/SDWebImage.framework",
			);
			name = "[CP] Embed Pods Frameworks";
			outputFileListPaths = (
			);
			outputPaths = (
				"${TARGET_BUILD_DIR}/${FRAMEWORKS_FOLDER_PATH}/Cartography.framework",
				"${TARGET_BUILD_DIR}/${FRAMEWORKS_FOLDER_PATH}/moltin.framework",
				"${TARGET_BUILD_DIR}/${FRAMEWORKS_FOLDER_PATH}/PKHUD.framework",
				"${TARGET_BUILD_DIR}/${FRAMEWORKS_FOLDER_PATH}/SDWebImage.framework",
			);
			runOnlyForDeploymentPostprocessing = 0;
			shellPath = /bin/sh;
			shellScript = "\"${SRCROOT}/Pods/Target Support Files/Pods-naveenTest/Pods-naveenTest-frameworks.sh\"\n";
			showEnvVarsInLog = 0;
		};
		D6014C9309B59C5DE1E76608 /* [CP] Check Pods Manifest.lock */ = {
			isa = PBXShellScriptBuildPhase;
			buildActionMask = 2147483647;
			files = (
			);
			inputFileListPaths = (
			);
			inputPaths = (
				"${PODS_PODFILE_DIR_PATH}/Podfile.lock",
				"${PODS_ROOT}/Manifest.lock",
			);
			name = "[CP] Check Pods Manifest.lock";
			outputFileListPaths = (
			);
			outputPaths = (
				"$(DERIVED_FILE_DIR)/Pods-naveenTest-checkManifestLockResult.txt",
			);
			runOnlyForDeploymentPostprocessing = 0;
			shellPath = /bin/sh;
			shellScript = "diff \"${PODS_PODFILE_DIR_PATH}/Podfile.lock\" \"${PODS_ROOT}/Manifest.lock\" > /dev/null\nif [ $? != 0 ] ; then\n    # print error to STDERR\n    echo \"error: The sandbox is not in sync with the Podfile.lock. Run 'pod install' or update your CocoaPods installation.\" >&2\n    exit 1\nfi\n# This output is used by Xcode 'outputs' to avoid re-running this script phase.\necho \"SUCCESS\" > \"${SCRIPT_OUTPUT_FILE_0}\"\n";
			showEnvVarsInLog = 0;
		};
/* End PBXShellScriptBuildPhase section */

/* Begin PBXSourcesBuildPhase section */
		9C8626D02274532200A5A4C1 /* Sources */ = {
			isa = PBXSourcesBuildPhase;
			buildActionMask = 2147483647;
			files = (
				9C5ADDCD22745EAB007BAA1B /* CartViewController.swift in Sources */,
				9C8626E02274532200A5A4C1 /* naveenTest.xcdatamodeld in Sources */,
				9C5ADDCF22746637007BAA1B /* Credentials.swift in Sources */,
				9C8626DA2274532200A5A4C1 /* ViewController.swift in Sources */,
				9C8626D82274532200A5A4C1 /* AppDelegate.swift in Sources */,
			);
			runOnlyForDeploymentPostprocessing = 0;
		};
/* End PBXSourcesBuildPhase section */

/* Begin PBXVariantGroup section */
		9C8626DB2274532200A5A4C1 /* Main.storyboard */ = {
			isa = PBXVariantGroup;
			children = (
				9C8626DC2274532200A5A4C1 /* Base */,
			);
			name = Main.storyboard;
			sourceTree = "<group>";
		};
		9C8626E32274532300A5A4C1 /* LaunchScreen.storyboard */ = {
			isa = PBXVariantGroup;
			children = (
				9C8626E42274532300A5A4C1 /* Base */,
			);
			name = LaunchScreen.storyboard;
			sourceTree = "<group>";
		};
/* End PBXVariantGroup section */

/* Begin XCBuildConfiguration section */
		9C8626E72274532300A5A4C1 /* Debug */ = {
			isa = XCBuildConfiguration;
			buildSettings = {
				ALWAYS_SEARCH_USER_PATHS = NO;
				CLANG_ANALYZER_NONNULL = YES;
				CLANG_ANALYZER_NUMBER_OBJECT_CONVERSION = YES_AGGRESSIVE;
				CLANG_CXX_LANGUAGE_STANDARD = "gnu++14";
				CLANG_CXX_LIBRARY = "libc++";
				CLANG_ENABLE_MODULES = YES;
				CLANG_ENABLE_OBJC_ARC = YES;
				CLANG_ENABLE_OBJC_WEAK = YES;
				CLANG_WARN_BLOCK_CAPTURE_AUTORELEASING = YES;
				CLANG_WARN_BOOL_CONVERSION = YES;
				CLANG_WARN_COMMA = YES;
				CLANG_WARN_CONSTANT_CONVERSION = YES;
				CLANG_WARN_DEPRECATED_OBJC_IMPLEMENTATIONS = YES;
				CLANG_WARN_DIRECT_OBJC_ISA_USAGE = YES_ERROR;
				CLANG_WARN_DOCUMENTATION_COMMENTS = YES;
				CLANG_WARN_EMPTY_BODY = YES;
				CLANG_WARN_ENUM_CONVERSION = YES;
				CLANG_WARN_INFINITE_RECURSION = YES;
				CLANG_WARN_INT_CONVERSION = YES;
				CLANG_WARN_NON_LITERAL_NULL_CONVERSION = YES;
				CLANG_WARN_OBJC_IMPLICIT_RETAIN_SELF = YES;
				CLANG_WARN_OBJC_LITERAL_CONVERSION = YES;
				CLANG_WARN_OBJC_ROOT_CLASS = YES_ERROR;
				CLANG_WARN_RANGE_LOOP_ANALYSIS = YES;
				CLANG_WARN_STRICT_PROTOTYPES = YES;
				CLANG_WARN_SUSPICIOUS_MOVE = YES;
				CLANG_WARN_UNGUARDED_AVAILABILITY = YES_AGGRESSIVE;
				CLANG_WARN_UNREACHABLE_CODE = YES;
				CLANG_WARN__DUPLICATE_METHOD_MATCH = YES;
				CODE_SIGN_IDENTITY = "iPhone Developer";
				COPY_PHASE_STRIP = NO;
				DEBUG_INFORMATION_FORMAT = dwarf;
				ENABLE_STRICT_OBJC_MSGSEND = YES;
				ENABLE_TESTABILITY = YES;
				GCC_C_LANGUAGE_STANDARD = gnu11;
				GCC_DYNAMIC_NO_PIC = NO;
				GCC_NO_COMMON_BLOCKS = YES;
				GCC_OPTIMIZATION_LEVEL = 0;
				GCC_PREPROCESSOR_DEFINITIONS = (
					"DEBUG=1",
					"$(inherited)",
				);
				GCC_WARN_64_TO_32_BIT_CONVERSION = YES;
				GCC_WARN_ABOUT_RETURN_TYPE = YES_ERROR;
				GCC_WARN_UNDECLARED_SELECTOR = YES;
				GCC_WARN_UNINITIALIZED_AUTOS = YES_AGGRESSIVE;
				GCC_WARN_UNUSED_FUNCTION = YES;
				GCC_WARN_UNUSED_VARIABLE = YES;
				IPHONEOS_DEPLOYMENT_TARGET = 12.1;
				MTL_ENABLE_DEBUG_INFO = INCLUDE_SOURCE;
				MTL_FAST_MATH = YES;
				ONLY_ACTIVE_ARCH = YES;
				SDKROOT = iphoneos;
				SWIFT_ACTIVE_COMPILATION_CONDITIONS = DEBUG;
				SWIFT_OPTIMIZATION_LEVEL = "-Onone";
			};
			name = Debug;
		};
		9C8626E82274532300A5A4C1 /* Release */ = {
			isa = XCBuildConfiguration;
			buildSettings = {
				ALWAYS_SEARCH_USER_PATHS = NO;
				CLANG_ANALYZER_NONNULL = YES;
				CLANG_ANALYZER_NUMBER_OBJECT_CONVERSION = YES_AGGRESSIVE;
				CLANG_CXX_LANGUAGE_STANDARD = "gnu++14";
				CLANG_CXX_LIBRARY = "libc++";
				CLANG_ENABLE_MODULES = YES;
				CLANG_ENABLE_OBJC_ARC = YES;
				CLANG_ENABLE_OBJC_WEAK = YES;
				CLANG_WARN_BLOCK_CAPTURE_AUTORELEASING = YES;
				CLANG_WARN_BOOL_CONVERSION = YES;
				CLANG_WARN_COMMA = YES;
				CLANG_WARN_CONSTANT_CONVERSION = YES;
				CLANG_WARN_DEPRECATED_OBJC_IMPLEMENTATIONS = YES;
				CLANG_WARN_DIRECT_OBJC_ISA_USAGE = YES_ERROR;
				CLANG_WARN_DOCUMENTATION_COMMENTS = YES;
				CLANG_WARN_EMPTY_BODY = YES;
				CLANG_WARN_ENUM_CONVERSION = YES;
				CLANG_WARN_INFINITE_RECURSION = YES;
				CLANG_WARN_INT_CONVERSION = YES;
				CLANG_WARN_NON_LITERAL_NULL_CONVERSION = YES;
				CLANG_WARN_OBJC_IMPLICIT_RETAIN_SELF = YES;
				CLANG_WARN_OBJC_LITERAL_CONVERSION = YES;
				CLANG_WARN_OBJC_ROOT_CLASS = YES_ERROR;
				CLANG_WARN_RANGE_LOOP_ANALYSIS = YES;
				CLANG_WARN_STRICT_PROTOTYPES = YES;
				CLANG_WARN_SUSPICIOUS_MOVE = YES;
				CLANG_WARN_UNGUARDED_AVAILABILITY = YES_AGGRESSIVE;
				CLANG_WARN_UNREACHABLE_CODE = YES;
				CLANG_WARN__DUPLICATE_METHOD_MATCH = YES;
				CODE_SIGN_IDENTITY = "iPhone Developer";
				COPY_PHASE_STRIP = NO;
				DEBUG_INFORMATION_FORMAT = "dwarf-with-dsym";
				ENABLE_NS_ASSERTIONS = NO;
				ENABLE_STRICT_OBJC_MSGSEND = YES;
				GCC_C_LANGUAGE_STANDARD = gnu11;
				GCC_NO_COMMON_BLOCKS = YES;
				GCC_WARN_64_TO_32_BIT_CONVERSION = YES;
				GCC_WARN_ABOUT_RETURN_TYPE = YES_ERROR;
				GCC_WARN_UNDECLARED_SELECTOR = YES;
				GCC_WARN_UNINITIALIZED_AUTOS = YES_AGGRESSIVE;
				GCC_WARN_UNUSED_FUNCTION = YES;
				GCC_WARN_UNUSED_VARIABLE = YES;
				IPHONEOS_DEPLOYMENT_TARGET = 12.1;
				MTL_ENABLE_DEBUG_INFO = NO;
				MTL_FAST_MATH = YES;
				SDKROOT = iphoneos;
				SWIFT_COMPILATION_MODE = wholemodule;
				SWIFT_OPTIMIZATION_LEVEL = "-O";
				VALIDATE_PRODUCT = YES;
			};
			name = Release;
		};
		9C8626EA2274532300A5A4C1 /* Debug */ = {
			isa = XCBuildConfiguration;
			baseConfigurationReference = E5BAFD1975E9A3DA88E31CE0 /* Pods-naveenTest.debug.xcconfig */;
			buildSettings = {
				ASSETCATALOG_COMPILER_APPICON_NAME = AppIcon;
				CODE_SIGN_STYLE = Automatic;
				INFOPLIST_FILE = naveenTest/Info.plist;
				LD_RUNPATH_SEARCH_PATHS = (
					"$(inherited)",
					"@executable_path/Frameworks",
				);
				PRODUCT_BUNDLE_IDENTIFIER = naveen.naveenTest;
				PRODUCT_NAME = "$(TARGET_NAME)";
				SWIFT_VERSION = 4.2;
				TARGETED_DEVICE_FAMILY = "1,2";
			};
			name = Debug;
		};
		9C8626EB2274532300A5A4C1 /* Release */ = {
			isa = XCBuildConfiguration;
			baseConfigurationReference = B7812EBF03BBA9B93478B5AD /* Pods-naveenTest.release.xcconfig */;
			buildSettings = {
				ASSETCATALOG_COMPILER_APPICON_NAME = AppIcon;
				CODE_SIGN_STYLE = Automatic;
				INFOPLIST_FILE = naveenTest/Info.plist;
				LD_RUNPATH_SEARCH_PATHS = (
					"$(inherited)",
					"@executable_path/Frameworks",
				);
				PRODUCT_BUNDLE_IDENTIFIER = naveen.naveenTest;
				PRODUCT_NAME = "$(TARGET_NAME)";
				SWIFT_VERSION = 4.2;
				TARGETED_DEVICE_FAMILY = "1,2";
			};
			name = Release;
		};
/* End XCBuildConfiguration section */

/* Begin XCConfigurationList section */
		9C8626CF2274532200A5A4C1 /* Build configuration list for PBXProject "naveenTest" */ = {
			isa = XCConfigurationList;
			buildConfigurations = (
				9C8626E72274532300A5A4C1 /* Debug */,
				9C8626E82274532300A5A4C1 /* Release */,
			);
			defaultConfigurationIsVisible = 0;
			defaultConfigurationName = Release;
		};
		9C8626E92274532300A5A4C1 /* Build configuration list for PBXNativeTarget "naveenTest" */ = {
			isa = XCConfigurationList;
			buildConfigurations = (
				9C8626EA2274532300A5A4C1 /* Debug */,
				9C8626EB2274532300A5A4C1 /* Release */,
			);
			defaultConfigurationIsVisible = 0;
			defaultConfigurationName = Release;
		};
/* End XCConfigurationList section */

/* Begin XCVersionGroup section */
		9C8626DE2274532200A5A4C1 /* naveenTest.xcdatamodeld */ = {
			isa = XCVersionGroup;
			children = (
				9C8626DF2274532200A5A4C1 /* naveenTest.xcdatamodel */,
			);
			currentVersion = 9C8626DF2274532200A5A4C1 /* naveenTest.xcdatamodel */;
			path = naveenTest.xcdatamodeld;
			sourceTree = "<group>";
			versionGroupType = wrapper.xcdatamodel;
		};
/* End XCVersionGroup section */
	};
	rootObject = 9C8626CC2274532200A5A4C1 /* Project object */;
}
